
Microsoft Visual Studio Solution File, Format Version 12.00
# Visual Studio Version 17
VisualStudioVersion = 17.3.32819.101
MinimumVisualStudioVersion = 10.0.40219.1
Project("{F184B08F-C81C-45F6-A57F-5ABD9991F28F}") = "PS22PS4-GUI", "PS22PS4-GUI\PS22PS4-GUI.vbproj", "{268997CD-DCE9-4D88-B0C4-F4E9F192EB46}"
EndProject
Global
	GlobalSection(SolutionConfigurationPlatforms) = preSolution
		Debug|Any CPU = Debug|Any CPU
		Release|Any CPU = Release|Any CPU
	EndGlobalSection
	GlobalSection(ProjectConfigurationPlatforms) = postSolution
		{268997CD-DCE9-4D88-B0C4-F4E9F192EB46}.Debug|Any CPU.ActiveCfg = Debug|Any CPU
		{268997CD-DCE9-4D88-B0C4-F4E9F192EB46}.Debug|Any CPU.Build.0 = Debug|Any CPU
		{268997CD-DCE9-4D88-B0C4-F4E9F192EB46}.Release|Any CPU.ActiveCfg = Release|Any CPU
		{268997CD-DCE9-4D88-B0C4-F4E9F192EB46}.Release|Any CPU.Build.0 = Release|Any CPU
	EndGlobalSection
	GlobalSection(SolutionProperties) = preSolution
		HideSolutionNode = FALSE
	EndGlobalSection
	GlobalSection(ExtensibilityGlobals) = postSolution
		SolutionGuid = {66A39438-DDB6-4E90-BB7A-ABA6D0B91C32}
	EndGlobalSection
EndGlobal
